version: 6
environments:
  default:
    channels:
    - url: https://conda.anaconda.org/conda-forge/
    packages:
      win-64:
      - conda: https://conda.anaconda.org/conda-forge/win-64/brotli-1.1.0-h2466b09_2.conda
      - conda: https://conda.anaconda.org/conda-forge/win-64/brotli-bin-1.1.0-h2466b09_2.conda
      - conda: https://conda.anaconda.org/conda-forge/win-64/bzip2-1.0.8-h2466b09_7.conda
      - conda: https://conda.anaconda.org/conda-forge/win-64/ca-certificates-2025.1.31-h56e8100_0.conda
      - conda: https://conda.anaconda.org/conda-forge/noarch/certifi-2025.1.31-pyhd8ed1ab_0.conda
      - conda: https://conda.anaconda.org/conda-forge/win-64/contourpy-1.3.1-py311h3257749_0.conda
      - conda: https://conda.anaconda.org/conda-forge/noarch/cycler-0.12.1-pyhd8ed1ab_1.conda
      - conda: https://conda.anaconda.org/conda-forge/win-64/fonttools-4.56.0-py311h5082efb_0.conda
      - conda: https://conda.anaconda.org/conda-forge/win-64/freetype-2.13.3-h0b5ce68_0.conda
      - conda: https://conda.anaconda.org/conda-forge/win-64/gettext-0.22.5-h5728263_3.conda
      - conda: https://conda.anaconda.org/conda-forge/win-64/gettext-tools-0.22.5-h5a7288d_3.conda
      - conda: https://conda.anaconda.org/conda-forge/win-64/glib-2.82.2-h3d4babf_1.conda
      - conda: https://conda.anaconda.org/conda-forge/win-64/glib-tools-2.82.2-h4394cf3_1.conda
      - conda: https://conda.anaconda.org/conda-forge/win-64/gst-plugins-base-1.22.9-h001b923_1.conda
      - conda: https://conda.anaconda.org/conda-forge/win-64/gstreamer-1.22.9-hb4038d2_1.conda
      - conda: https://conda.anaconda.org/conda-forge/win-64/icu-70.1-h0e60522_0.tar.bz2
      - conda: https://conda.anaconda.org/conda-forge/win-64/intel-openmp-2024.2.1-h57928b3_1083.conda
      - conda: https://conda.anaconda.org/conda-forge/win-64/kiwisolver-1.4.7-py311h3257749_0.conda
      - conda: https://conda.anaconda.org/conda-forge/win-64/krb5-1.20.1-heb0366b_0.conda
      - conda: https://conda.anaconda.org/conda-forge/win-64/lcms2-2.15-he9d350c_2.conda
      - conda: https://conda.anaconda.org/conda-forge/win-64/lerc-4.0.0-h63175ca_0.tar.bz2
      - conda: https://conda.anaconda.org/conda-forge/win-64/libasprintf-0.22.5-h5728263_3.conda
      - conda: https://conda.anaconda.org/conda-forge/win-64/libasprintf-devel-0.22.5-h5728263_3.conda
      - conda: https://conda.anaconda.org/conda-forge/win-64/libblas-3.9.0-31_h641d27c_mkl.conda
      - conda: https://conda.anaconda.org/conda-forge/win-64/libbrotlicommon-1.1.0-h2466b09_2.conda
      - conda: https://conda.anaconda.org/conda-forge/win-64/libbrotlidec-1.1.0-h2466b09_2.conda
      - conda: https://conda.anaconda.org/conda-forge/win-64/libbrotlienc-1.1.0-h2466b09_2.conda
      - conda: https://conda.anaconda.org/conda-forge/win-64/libcblas-3.9.0-31_h5e41251_mkl.conda
      - conda: https://conda.anaconda.org/conda-forge/win-64/libclang-15.0.7-default_h3a3e6c3_5.conda
      - conda: https://conda.anaconda.org/conda-forge/win-64/libclang13-15.0.7-default_hf64faad_5.conda
      - conda: https://conda.anaconda.org/conda-forge/win-64/libdeflate-1.19-hcfcfb64_0.conda
      - conda: https://conda.anaconda.org/conda-forge/win-64/libffi-3.4.6-h537db12_0.conda
      - conda: https://conda.anaconda.org/conda-forge/win-64/libgettextpo-0.22.5-h5728263_3.conda
      - conda: https://conda.anaconda.org/conda-forge/win-64/libgettextpo-devel-0.22.5-h5728263_3.conda
      - conda: https://conda.anaconda.org/conda-forge/win-64/libglib-2.82.2-h7025463_1.conda
      - conda: https://conda.anaconda.org/conda-forge/win-64/libhwloc-2.11.2-default_hc8275d1_1000.conda
      - conda: https://conda.anaconda.org/conda-forge/win-64/libiconv-1.18-h135ad9c_1.conda
      - conda: https://conda.anaconda.org/conda-forge/win-64/libintl-0.22.5-h5728263_3.conda
      - conda: https://conda.anaconda.org/conda-forge/win-64/libintl-devel-0.22.5-h5728263_3.conda
      - conda: https://conda.anaconda.org/conda-forge/win-64/libjpeg-turbo-2.1.5.1-hcfcfb64_1.conda
      - conda: https://conda.anaconda.org/conda-forge/win-64/liblapack-3.9.0-31_h1aa476e_mkl.conda
      - conda: https://conda.anaconda.org/conda-forge/win-64/libogg-1.3.5-h2466b09_0.conda
      - conda: https://conda.anaconda.org/conda-forge/win-64/libpng-1.6.47-had7236b_0.conda
      - conda: https://conda.anaconda.org/conda-forge/win-64/libsqlite-3.49.1-h67fdade_2.conda
      - conda: https://conda.anaconda.org/conda-forge/win-64/libtiff-4.6.0-h4554b19_1.conda
      - conda: https://conda.anaconda.org/conda-forge/win-64/libvorbis-1.3.7-h0e60522_0.tar.bz2
      - conda: https://conda.anaconda.org/conda-forge/win-64/libwebp-base-1.5.0-h3b0e114_0.conda
      - conda: https://conda.anaconda.org/conda-forge/win-64/libxcb-1.15-hcd874cb_0.conda
      - conda: https://conda.anaconda.org/conda-forge/win-64/libxml2-2.13.6-he286e8c_0.conda
      - conda: https://conda.anaconda.org/conda-forge/win-64/libzlib-1.3.1-h2466b09_2.conda
      - conda: https://conda.anaconda.org/conda-forge/win-64/m2w64-gcc-libgfortran-5.3.0-6.tar.bz2
      - conda: https://conda.anaconda.org/conda-forge/win-64/m2w64-gcc-libs-5.3.0-7.tar.bz2
      - conda: https://conda.anaconda.org/conda-forge/win-64/m2w64-gcc-libs-core-5.3.0-7.tar.bz2
      - conda: https://conda.anaconda.org/conda-forge/win-64/m2w64-gmp-6.1.0-2.tar.bz2
      - conda: https://conda.anaconda.org/conda-forge/win-64/m2w64-libwinpthread-git-5.0.0.4634.697f757-2.tar.bz2
      - conda: https://conda.anaconda.org/conda-forge/win-64/matplotlib-3.9.1-py311h1ea47a8_1.conda
      - conda: https://conda.anaconda.org/conda-forge/win-64/matplotlib-base-3.9.1-py311h8f1b1e4_2.conda
      - conda: https://conda.anaconda.org/conda-forge/win-64/mkl-2024.2.2-h66d3029_15.conda
      - conda: https://conda.anaconda.org/conda-forge/win-64/msys2-conda-epoch-20160418-1.tar.bz2
      - conda: https://conda.anaconda.org/conda-forge/noarch/munkres-1.1.4-pyh9f0ad1d_0.tar.bz2
      - conda: https://conda.anaconda.org/conda-forge/win-64/numpy-2.2.4-py311h5e411d1_0.conda
      - conda: https://conda.anaconda.org/conda-forge/win-64/openjpeg-2.5.2-h3d672ee_0.conda
      - conda: https://conda.anaconda.org/conda-forge/win-64/openssl-3.0.16-ha4e3fda_0.conda
      - conda: https://conda.anaconda.org/conda-forge/noarch/packaging-24.2-pyhd8ed1ab_2.conda
      - conda: https://conda.anaconda.org/conda-forge/win-64/pcre2-10.44-h3d7b363_2.conda
      - conda: https://conda.anaconda.org/conda-forge/win-64/pillow-10.0.1-py311hd926f49_1.conda
      - conda: https://conda.anaconda.org/conda-forge/noarch/ply-3.11-pyhd8ed1ab_3.conda
      - conda: https://conda.anaconda.org/conda-forge/win-64/pthread-stubs-0.4-hcd874cb_1001.tar.bz2
      - conda: https://conda.anaconda.org/conda-forge/win-64/pthreads-win32-2.9.1-h2466b09_4.conda
      - conda: https://conda.anaconda.org/conda-forge/noarch/pyparsing-3.2.1-pyhd8ed1ab_0.conda
      - conda: https://conda.anaconda.org/conda-forge/win-64/pyqt-5.15.9-py311h125bc19_5.conda
      - conda: https://conda.anaconda.org/conda-forge/win-64/pyqt5-sip-12.12.2-py311h12c1d0e_5.conda
      - conda: https://conda.anaconda.org/conda-forge/win-64/python-3.11.0-hcf16a7b_0_cpython.tar.bz2
      - conda: https://conda.anaconda.org/conda-forge/noarch/python-dateutil-2.9.0.post0-pyhff2d567_1.conda
      - conda: https://conda.anaconda.org/conda-forge/win-64/python_abi-3.11-5_cp311.conda
      - conda: https://conda.anaconda.org/conda-forge/win-64/qhull-2020.2-hc790b64_5.conda
      - conda: https://conda.anaconda.org/conda-forge/win-64/qt-main-5.15.8-h88fe7eb_7.conda
      - conda: https://conda.anaconda.org/conda-forge/win-64/sip-6.7.12-py311h12c1d0e_0.conda
      - conda: https://conda.anaconda.org/conda-forge/noarch/six-1.17.0-pyhd8ed1ab_0.conda
      - conda: https://conda.anaconda.org/conda-forge/win-64/tbb-2021.13.0-h62715c5_1.conda
      - conda: https://conda.anaconda.org/conda-forge/win-64/tk-8.6.13-h5226925_1.conda
      - conda: https://conda.anaconda.org/conda-forge/noarch/toml-0.10.2-pyhd8ed1ab_1.conda
      - conda: https://conda.anaconda.org/conda-forge/noarch/tomli-2.2.1-pyhd8ed1ab_1.conda
      - conda: https://conda.anaconda.org/conda-forge/win-64/tornado-6.4.2-py311he736701_0.conda
      - conda: https://conda.anaconda.org/conda-forge/noarch/tzdata-2025a-h78e105d_0.conda
      - conda: https://conda.anaconda.org/conda-forge/win-64/ucrt-10.0.22621.0-h57928b3_1.conda
      - conda: https://conda.anaconda.org/conda-forge/win-64/unicodedata2-16.0.0-py311he736701_0.conda
      - conda: https://conda.anaconda.org/conda-forge/win-64/vc-14.3-hbf610ac_24.conda
      - conda: https://conda.anaconda.org/conda-forge/win-64/vc14_runtime-14.42.34438-hfd919c2_24.conda
      - conda: https://conda.anaconda.org/conda-forge/win-64/vs2015_runtime-14.42.34438-h7142326_24.conda
      - conda: https://conda.anaconda.org/conda-forge/win-64/xorg-libxau-1.0.11-hcd874cb_0.conda
      - conda: https://conda.anaconda.org/conda-forge/win-64/xorg-libxdmcp-1.1.3-hcd874cb_0.tar.bz2
      - conda: https://conda.anaconda.org/conda-forge/win-64/xz-5.2.6-h8d14728_0.tar.bz2
      - conda: https://conda.anaconda.org/conda-forge/win-64/zstd-1.5.7-hbeecb71_2.conda
packages:
- conda: https://conda.anaconda.org/conda-forge/win-64/brotli-1.1.0-h2466b09_2.conda
  sha256: d8fd7d1b446706776117d2dcad1c0289b9f5e1521cb13405173bad38568dd252
  md5: 378f1c9421775dfe644731cb121c8979
  depends:
  - brotli-bin 1.1.0 h2466b09_2
  - libbrotlidec 1.1.0 h2466b09_2
  - libbrotlienc 1.1.0 h2466b09_2
  - ucrt >=10.0.20348.0
  - vc >=14.2,<15
  - vc14_runtime >=14.29.30139
  arch: x86_64
  platform: win
  license: MIT
  license_family: MIT
  size: 19697
  timestamp: 1725268293988
- conda: https://conda.anaconda.org/conda-forge/win-64/brotli-bin-1.1.0-h2466b09_2.conda
  sha256: f3bf2893613540ac256c68f211861c4de618d96291719e32178d894114ac2bc2
  md5: d22534a9be5771fc58eb7564947f669d
  depends:
  - libbrotlidec 1.1.0 h2466b09_2
  - libbrotlienc 1.1.0 h2466b09_2
  - ucrt >=10.0.20348.0
  - vc >=14.2,<15
  - vc14_runtime >=14.29.30139
  arch: x86_64
  platform: win
  license: MIT
  license_family: MIT
  size: 20837
  timestamp: 1725268270219
- conda: https://conda.anaconda.org/conda-forge/win-64/bzip2-1.0.8-h2466b09_7.conda
  sha256: 35a5dad92e88fdd7fc405e864ec239486f4f31eec229e31686e61a140a8e573b
  md5: 276e7ffe9ffe39688abc665ef0f45596
  depends:
  - ucrt >=10.0.20348.0
  - vc >=14.2,<15
  - vc14_runtime >=14.29.30139
  arch: x86_64
  platform: win
  license: bzip2-1.0.6
  license_family: BSD
  size: 54927
  timestamp: 1720974860185
- conda: https://conda.anaconda.org/conda-forge/win-64/ca-certificates-2025.1.31-h56e8100_0.conda
  sha256: 1bedccdf25a3bd782d6b0e57ddd97cdcda5501716009f2de4479a779221df155
  md5: 5304a31607974dfc2110dfbb662ed092
  arch: x86_64
  platform: win
  license: ISC
  size: 158690
  timestamp: 1738298232550
- conda: https://conda.anaconda.org/conda-forge/noarch/certifi-2025.1.31-pyhd8ed1ab_0.conda
  sha256: 42a78446da06a2568cb13e69be3355169fbd0ea424b00fc80b7d840f5baaacf3
  md5: c207fa5ac7ea99b149344385a9c0880d
  depends:
  - python >=3.9
  license: ISC
  size: 162721
  timestamp: 1739515973129
- conda: https://conda.anaconda.org/conda-forge/win-64/contourpy-1.3.1-py311h3257749_0.conda
  sha256: dbb0c161dd75e72e66c13f31715941adb094a45471016f89d6a1cfab30967ba8
  md5: 91d8504588e1b3c77e605503e5a1bc11
  depends:
  - numpy >=1.23
  - python >=3.11,<3.12.0a0
  - python_abi 3.11.* *_cp311
  - ucrt >=10.0.20348.0
  - vc >=14.2,<15
  - vc14_runtime >=14.29.30139
  arch: x86_64
  platform: win
  license: BSD-3-Clause
  license_family: BSD
  size: 216693
  timestamp: 1731429286140
- conda: https://conda.anaconda.org/conda-forge/noarch/cycler-0.12.1-pyhd8ed1ab_1.conda
  sha256: 9827efa891e507a91a8a2acf64e210d2aff394e1cde432ad08e1f8c66b12293c
  md5: 44600c4667a319d67dbe0681fc0bc833
  depends:
  - python >=3.9
  license: BSD-3-Clause
  license_family: BSD
  size: 13399
  timestamp: 1733332563512
- conda: https://conda.anaconda.org/conda-forge/win-64/fonttools-4.56.0-py311h5082efb_0.conda
  sha256: bcfd53b83419d7a891eb77947dc1997c7b4133629988c0797404f76bdf2fe289
  md5: 0ecd51b246e243291c68c7380e09b274
  depends:
  - brotli
  - munkres
  - python >=3.11,<3.12.0a0
  - python_abi 3.11.* *_cp311
  - ucrt >=10.0.20348.0
  - unicodedata2 >=15.1.0
  - vc >=14.2,<15
  - vc14_runtime >=14.29.30139
  arch: x86_64
  platform: win
  license: MIT
  license_family: MIT
  size: 2466258
  timestamp: 1738940937712
- conda: https://conda.anaconda.org/conda-forge/win-64/freetype-2.13.3-h0b5ce68_0.conda
  sha256: 67e3af0fbe6c25f5ab1af9a3d3000464c5e88a8a0b4b06602f4a5243a8a1fd42
  md5: 9c461ed7b07fb360d2c8cfe726c7d521
  depends:
  - libpng >=1.6.47,<1.7.0a0
  - libzlib >=1.3.1,<2.0a0
  - ucrt >=10.0.20348.0
  - vc >=14.2,<15
  - vc14_runtime >=14.29.30139
  arch: x86_64
  platform: win
  license: GPL-2.0-only OR FTL
  size: 510718
  timestamp: 1741864688363
- conda: https://conda.anaconda.org/conda-forge/win-64/gettext-0.22.5-h5728263_3.conda
  sha256: 8cbfe8fc9421438fcfd06e08ace5587dcceb544ce46f773e116e414a51d6b3ff
  md5: 85bbe942c8b188fa70f6ffb88a80ae2e
  depends:
  - gettext-tools 0.22.5 h5a7288d_3
  - libasprintf 0.22.5 h5728263_3
  - libasprintf-devel 0.22.5 h5728263_3
  - libgettextpo 0.22.5 h5728263_3
  - libgettextpo-devel 0.22.5 h5728263_3
  - libiconv >=1.17,<2.0a0
  - libintl 0.22.5 h5728263_3
  - libintl-devel 0.22.5 h5728263_3
  arch: x86_64
  platform: win
  license: LGPL-2.1-or-later AND GPL-3.0-or-later
  size: 34015
  timestamp: 1723630597857
- conda: https://conda.anaconda.org/conda-forge/win-64/gettext-tools-0.22.5-h5a7288d_3.conda
  sha256: 363dcc414ece1d82d5b031afea67901ad03edea6b5f1051bea985e699c090f13
  md5: 7c631c844abcba0d855c7b6204d42e9d
  depends:
  - libiconv >=1.17,<2.0a0
  - libintl 0.22.5 h5728263_3
  - ucrt >=10.0.20348.0
  - vc >=14.2,<15
  - vc14_runtime >=14.29.30139
  arch: x86_64
  platform: win
  license: GPL-3.0-or-later
  license_family: GPL
  size: 3411654
  timestamp: 1723630236515
- conda: https://conda.anaconda.org/conda-forge/win-64/glib-2.82.2-h3d4babf_1.conda
  sha256: e7777861b7a14df89741398932658ea24ff19c4d1c63d08edc034d40a5e3ab70
  md5: 09c75bd4a611937a21e8b87dc0926ec0
  depends:
  - glib-tools 2.82.2 h4394cf3_1
  - libffi >=3.4,<4.0a0
  - libglib 2.82.2 h7025463_1
  - libintl >=0.22.5,<1.0a0
  - libintl-devel
  - packaging
  - python *
  - ucrt >=10.0.20348.0
  - vc >=14.2,<15
  - vc14_runtime >=14.29.30139
  arch: x86_64
  platform: win
  license: LGPL-2.1-or-later
  size: 573726
  timestamp: 1737038230445
- conda: https://conda.anaconda.org/conda-forge/win-64/glib-tools-2.82.2-h4394cf3_1.conda
  sha256: f759137e559308dc47d38fdc54af88d17e470b46b9ba388cf0d7f6d319d0cbba
  md5: 1e0986766b1b26ad9355a061b8de02cd
  depends:
  - libglib 2.82.2 h7025463_1
  - libintl >=0.22.5,<1.0a0
  - ucrt >=10.0.20348.0
  - vc >=14.2,<15
  - vc14_runtime >=14.29.30139
  arch: x86_64
  platform: win
  license: LGPL-2.1-or-later
  size: 97103
  timestamp: 1737038181142
- conda: https://conda.anaconda.org/conda-forge/win-64/gst-plugins-base-1.22.9-h001b923_1.conda
  sha256: e2c37128de5bdc12e3656c9c50e7b1459d8890ea656b866e68293e334356b652
  md5: ef961ec5b46ac75cebd3d68460691c27
  depends:
  - gettext >=0.21.1,<1.0a0
  - gstreamer 1.22.9 hb4038d2_1
  - libglib >=2.78.4,<3.0a0
  - libogg >=1.3.4,<1.4.0a0
  - libvorbis >=1.3.7,<1.4.0a0
  - libzlib >=1.2.13,<2.0.0a0
  - ucrt >=10.0.20348.0
  - vc >=14.2,<15
  - vc14_runtime >=14.29.30139
  arch: x86_64
  platform: win
  license: LGPL-2.0-or-later
  license_family: LGPL
  size: 2035564
  timestamp: 1711211913043
- conda: https://conda.anaconda.org/conda-forge/win-64/gstreamer-1.22.9-hb4038d2_1.conda
  sha256: 4d42bc24434db62c093748ea3ad0b6ba3872b6810b761363585513ebd79b4f87
  md5: 70557ab875e72c1f21e8d2351aeb9c54
  depends:
  - gettext >=0.21.1,<1.0a0
  - glib >=2.78.4,<3.0a0
  - libglib >=2.78.4,<3.0a0
  - libiconv >=1.17,<2.0a0
  - ucrt >=10.0.20348.0
  - vc >=14.2,<15
  - vc14_runtime >=14.29.30139
  arch: x86_64
  platform: win
  license: LGPL-2.0-or-later
  license_family: LGPL
  size: 1936661
  timestamp: 1711211717228
- conda: https://conda.anaconda.org/conda-forge/win-64/icu-70.1-h0e60522_0.tar.bz2
  sha256: 466ab9b92671198e833c0b508f78934bd98ae4c4dbd5f44c599833cc6a5603f8
  md5: 64073396a905b6df895ab2489fae3847
  depends:
  - vc >=14.1,<15
  - vs2015_runtime >=14.16.27033
  arch: x86_64
  platform: win
  license: MIT
  license_family: MIT
  size: 17852923
  timestamp: 1648051226696
- conda: https://conda.anaconda.org/conda-forge/win-64/intel-openmp-2024.2.1-h57928b3_1083.conda
  sha256: 0fd2b0b84c854029041b0ede8f4c2369242ee92acc0092f8407b1fe9238a8209
  md5: 2d89243bfb53652c182a7c73182cce4f
  arch: x86_64
  platform: win
  license: LicenseRef-IntelSimplifiedSoftwareOct2022
  license_family: Proprietary
  size: 1852356
  timestamp: 1723739573141
- conda: https://conda.anaconda.org/conda-forge/win-64/kiwisolver-1.4.7-py311h3257749_0.conda
  sha256: a2079e13d1345a5dd61df6be933e828e805051256e7260009ba93fce55aebd75
  md5: 18fd1ac3d79a8d6550eaea5ceaa00036
  depends:
  - python >=3.11,<3.12.0a0
  - python_abi 3.11.* *_cp311
  - ucrt >=10.0.20348.0
  - vc >=14.2,<15
  - vc14_runtime >=14.29.30139
  arch: x86_64
  platform: win
  license: BSD-3-Clause
  license_family: BSD
  size: 55867
  timestamp: 1725459681416
- conda: https://conda.anaconda.org/conda-forge/win-64/krb5-1.20.1-heb0366b_0.conda
  sha256: 429edc4fa9e2420c55cdbd9febb154d2358bf662735efda4372f62142ff310cd
  md5: a07b05ee8f451ab15698397185efe989
  depends:
  - openssl >=3.0.7,<4.0a0
  - ucrt >=10.0.20348.0
  - vc >=14.2,<15
  - vs2015_runtime >=14.29.30139
  arch: x86_64
  platform: win
  license: MIT
  license_family: MIT
  size: 717332
  timestamp: 1671092419752
- conda: https://conda.anaconda.org/conda-forge/win-64/lcms2-2.15-he9d350c_2.conda
  sha256: 78630759c1ee298611a34f70fd721b315d72932eabbcd1a7d45b985bf43987d2
  md5: c09e28411768ba590c7f4d729dd4e3eb
  depends:
  - libjpeg-turbo >=2.1.5.1,<3.0a0
  - libtiff >=4.6.0,<4.8.0a0
  - ucrt >=10.0.20348.0
  - vc >=14.2,<15
  - vc14_runtime >=14.29.30139
  arch: x86_64
  platform: win
  license: MIT
  license_family: MIT
  size: 498034
  timestamp: 1694650655672
- conda: https://conda.anaconda.org/conda-forge/win-64/lerc-4.0.0-h63175ca_0.tar.bz2
  sha256: f4f39d7f6a2f9b407f8fb567a6c25755270421731d70f0ff331f5de4fa367488
  md5: 1900cb3cab5055833cfddb0ba233b074
  depends:
  - vc >=14.2,<15
  - vs2015_runtime >=14.29.30037
  arch: x86_64
  platform: win
  license: Apache-2.0
  license_family: Apache
  size: 194365
  timestamp: 1657977692274
- conda: https://conda.anaconda.org/conda-forge/win-64/libasprintf-0.22.5-h5728263_3.conda
  sha256: 8e41136b7e4ec44c1c0bae0ff51cdb0d04e026d0b44eaaf5a9ff8b4e1b6b019b
  md5: 9f661052be1d477dcf61ee3cd77ce5ee
  arch: x86_64
  platform: win
  license: LGPL-2.1-or-later
  size: 49776
  timestamp: 1723629333404
- conda: https://conda.anaconda.org/conda-forge/win-64/libasprintf-devel-0.22.5-h5728263_3.conda
  sha256: bc04e8255b7f2edea6eb74fe0ee2eba7ce58d002de4f9bc57946f2b89bada062
  md5: 524de7ba10ea8a2d85286beac4654119
  depends:
  - libasprintf 0.22.5 h5728263_3
  arch: x86_64
  platform: win
  license: LGPL-2.1-or-later
  size: 36244
  timestamp: 1723629552895
- conda: https://conda.anaconda.org/conda-forge/win-64/libblas-3.9.0-31_h641d27c_mkl.conda
  build_number: 31
  sha256: 7bb4d5b591e98fe607279520ee78e3571a297b5720aa789a2536041ad5540de8
  md5: d05563c577fe2f37693a554b3f271e8f
  depends:
  - mkl 2024.2.2 h66d3029_15
  constrains:
  - libcblas =3.9.0=31*_mkl
  - blas =2.131=mkl
  - liblapacke =3.9.0=31*_mkl
  - liblapack =3.9.0=31*_mkl
  arch: x86_64
  platform: win
  license: BSD-3-Clause
  license_family: BSD
  size: 3733728
  timestamp: 1740088452830
- conda: https://conda.anaconda.org/conda-forge/win-64/libbrotlicommon-1.1.0-h2466b09_2.conda
  sha256: 33e8851c6cc8e2d93059792cd65445bfe6be47e4782f826f01593898ec95764c
  md5: f7dc9a8f21d74eab46456df301da2972
  depends:
  - ucrt >=10.0.20348.0
  - vc >=14.2,<15
  - vc14_runtime >=14.29.30139
  arch: x86_64
  platform: win
  license: MIT
  license_family: MIT
  size: 70526
  timestamp: 1725268159739
- conda: https://conda.anaconda.org/conda-forge/win-64/libbrotlidec-1.1.0-h2466b09_2.conda
  sha256: 234fc92f4c4f1cf22f6464b2b15bfc872fa583c74bf3ab9539ff38892c43612f
  md5: 9bae75ce723fa34e98e239d21d752a7e
  depends:
  - libbrotlicommon 1.1.0 h2466b09_2
  - ucrt >=10.0.20348.0
  - vc >=14.2,<15
  - vc14_runtime >=14.29.30139
  arch: x86_64
  platform: win
  license: MIT
  license_family: MIT
  size: 32685
  timestamp: 1725268208844
- conda: https://conda.anaconda.org/conda-forge/win-64/libbrotlienc-1.1.0-h2466b09_2.conda
  sha256: 3d0dd7ef505962f107b7ea8f894e0b3dd01bf46852b362c8a7fc136b039bc9e1
  md5: 85741a24d97954a991e55e34bc55990b
  depends:
  - libbrotlicommon 1.1.0 h2466b09_2
  - ucrt >=10.0.20348.0
  - vc >=14.2,<15
  - vc14_runtime >=14.29.30139
  arch: x86_64
  platform: win
  license: MIT
  license_family: MIT
  size: 245929
  timestamp: 1725268238259
- conda: https://conda.anaconda.org/conda-forge/win-64/libcblas-3.9.0-31_h5e41251_mkl.conda
  build_number: 31
  sha256: 609f455b099919bd4d15d4a733f493dc789e02da73fe4474f1cca73afafb95b8
  md5: 43c100b94ad2607382b0cf0f3a6b0bf3
  depends:
  - libblas 3.9.0 31_h641d27c_mkl
  constrains:
  - blas =2.131=mkl
  - liblapacke =3.9.0=31*_mkl
  - liblapack =3.9.0=31*_mkl
  arch: x86_64
  platform: win
  license: BSD-3-Clause
  license_family: BSD
  size: 3733549
  timestamp: 1740088502127
- conda: https://conda.anaconda.org/conda-forge/win-64/libclang-15.0.7-default_h3a3e6c3_5.conda
  sha256: 562dea76c17c30ed6d78734a9e40008f45cdab15611439d7d4e8250e0040f3ef
  md5: 26e1a5a4ff7f8e3f5fb89be829818a75
  depends:
  - libclang13 15.0.7 default_hf64faad_5
  - libxml2 >=2.12.6,<3.0a0
  - libzlib >=1.2.13,<2.0.0a0
  - ucrt >=10.0.20348.0
  - vc >=14.2,<15
  - vc14_runtime >=14.29.30139
  - zstd >=1.5.5,<1.6.0a0
  arch: x86_64
  platform: win
  license: Apache-2.0 WITH LLVM-exception
  license_family: Apache
  size: 148436
  timestamp: 1711068015076
- conda: https://conda.anaconda.org/conda-forge/win-64/libclang13-15.0.7-default_hf64faad_5.conda
  sha256: b952b85a6124442be3fe8af23d56f123548f7b28067f60615f7233197469a02d
  md5: 2f96c58f89abccb04bbc8cd57961111f
  depends:
  - libzlib >=1.2.13,<2.0.0a0
  - ucrt >=10.0.20348.0
  - vc >=14.2,<15
  - vc14_runtime >=14.29.30139
  - zstd >=1.5.5,<1.6.0a0
  arch: x86_64
  platform: win
  license: Apache-2.0 WITH LLVM-exception
  license_family: Apache
  size: 21892425
  timestamp: 1711067804682
- conda: https://conda.anaconda.org/conda-forge/win-64/libdeflate-1.19-hcfcfb64_0.conda
  sha256: e2886a84eaa0fbeca1d1d810270f234431d190402b4a79acf756ca2d16000354
  md5: 002b1b723b44dbd286b9e3708762433c
  depends:
  - ucrt >=10.0.20348.0
  - vc >=14.2,<15
  - vc14_runtime >=14.29.30139
  arch: x86_64
  platform: win
  license: MIT
  license_family: MIT
  size: 153203
  timestamp: 1694922596415
- conda: https://conda.anaconda.org/conda-forge/win-64/libffi-3.4.6-h537db12_0.conda
  sha256: 77922d8dd2faf88ac6accaeebf06409d1820486fde710cff6b554d12273e46be
  md5: 31d5107f75b2f204937728417e2e39e5
  depends:
  - ucrt >=10.0.20348.0
  - vc >=14.2,<15
  - vc14_runtime >=14.29.30139
  arch: x86_64
  platform: win
  license: MIT
  license_family: MIT
  size: 40830
  timestamp: 1739260917585
- conda: https://conda.anaconda.org/conda-forge/win-64/libgettextpo-0.22.5-h5728263_3.conda
  sha256: 6747bd29a0896b21ee1fe07bd212210475655354a3e8033c25b797e054ddd821
  md5: e46c142e2d2d9ccef31ad3d176b10fab
  depends:
  - libiconv >=1.17,<2.0a0
  - libintl 0.22.5 h5728263_3
  arch: x86_64
  platform: win
  license: GPL-3.0-or-later
  license_family: GPL
  size: 171120
  timestamp: 1723629671164
- conda: https://conda.anaconda.org/conda-forge/win-64/libgettextpo-devel-0.22.5-h5728263_3.conda
  sha256: 5039a89ebb9751408a2f507afb344241afe47a4e1b06c281af2decf5b734f79a
  md5: e618841b85fefbb8b76d2caa163baaec
  depends:
  - libgettextpo 0.22.5 h5728263_3
  - libiconv >=1.17,<2.0a0
  - libintl 0.22.5 h5728263_3
  arch: x86_64
  platform: win
  license: GPL-3.0-or-later
  license_family: GPL
  size: 40036
  timestamp: 1723629819549
- conda: https://conda.anaconda.org/conda-forge/win-64/libglib-2.82.2-h7025463_1.conda
  sha256: 77c4e6af9cc4e966a5100f48378ea3fb4ab7ed913f24af9217cc3a43242d65d5
  md5: 40596e78a77327f271acea904efdc911
  depends:
  - libffi >=3.4,<4.0a0
  - libiconv >=1.17,<2.0a0
  - libintl >=0.22.5,<1.0a0
  - libzlib >=1.3.1,<2.0a0
  - pcre2 >=10.44,<10.45.0a0
  - ucrt >=10.0.20348.0
  - vc >=14.2,<15
  - vc14_runtime >=14.29.30139
  constrains:
  - glib 2.82.2 *_1
  arch: x86_64
  platform: win
  license: LGPL-2.1-or-later
  size: 3783933
  timestamp: 1737038122172
- conda: https://conda.anaconda.org/conda-forge/win-64/libhwloc-2.11.2-default_hc8275d1_1000.conda
  sha256: 29db3126762be449bf137d0ce6662e0c95ce79e83a0685359012bb86c9ceef0a
  md5: 2805c2eb3a74df931b3e2b724fcb965e
  depends:
  - libxml2 >=2.12.7,<3.0a0
  - pthreads-win32
  - ucrt >=10.0.20348.0
  - vc >=14.2,<15
  - vc14_runtime >=14.29.30139
  arch: x86_64
  platform: win
  license: BSD-3-Clause
  license_family: BSD
  size: 2389010
  timestamp: 1727380221363
- conda: https://conda.anaconda.org/conda-forge/win-64/libiconv-1.18-h135ad9c_1.conda
  sha256: ea5ed2b362b6dbc4ba7188eb4eaf576146e3dfc6f4395e9f0db76ad77465f786
  md5: 21fc5dba2cbcd8e5e26ff976a312122c
  depends:
  - ucrt >=10.0.20348.0
  - vc >=14.2,<15
  - vc14_runtime >=14.29.30139
  arch: x86_64
  platform: win
  license: LGPL-2.1-only
  size: 638142
  timestamp: 1740128665984
- conda: https://conda.anaconda.org/conda-forge/win-64/libintl-0.22.5-h5728263_3.conda
  sha256: c7e4600f28bcada8ea81456a6530c2329312519efcf0c886030ada38976b0511
  md5: 2cf0cf76cc15d360dfa2f17fd6cf9772
  depends:
  - libiconv >=1.17,<2.0a0
  arch: x86_64
  platform: win
  license: LGPL-2.1-or-later
  size: 95568
  timestamp: 1723629479451
- conda: https://conda.anaconda.org/conda-forge/win-64/libintl-devel-0.22.5-h5728263_3.conda
  sha256: be1f3c48bc750bca7e68955d57180dfd826d6f9fa7eb32994f6cb61b813f9a6a
  md5: 7537784e9e35399234d4007f45cdb744
  depends:
  - libiconv >=1.17,<2.0a0
  - libintl 0.22.5 h5728263_3
  arch: x86_64
  platform: win
  license: LGPL-2.1-or-later
  size: 40746
  timestamp: 1723629745649
- conda: https://conda.anaconda.org/conda-forge/win-64/libjpeg-turbo-2.1.5.1-hcfcfb64_1.conda
  sha256: 27e49e07f2129cd39c1c34ac882a0e89f55d597d54c35fab362bcd0a37b532a2
  md5: 9503c6648d5692f1f26aabca7156f809
  depends:
  - ucrt >=10.0.20348.0
  - vc >=14.2,<15
  - vc14_runtime >=14.29.30139
  constrains:
  - jpeg <0.0.0a
  arch: x86_64
  platform: win
  license: IJG AND BSD-3-Clause AND Zlib
  size: 688116
  timestamp: 1694566907689
- conda: https://conda.anaconda.org/conda-forge/win-64/liblapack-3.9.0-31_h1aa476e_mkl.conda
  build_number: 31
  sha256: 9415e807aa6f8968322bbd756aab8f487379d809c74266d37c697b8d85c534ad
  md5: 40b47ee720a185289760960fc6185750
  depends:
  - libblas 3.9.0 31_h641d27c_mkl
  constrains:
  - libcblas =3.9.0=31*_mkl
  - blas =2.131=mkl
  - liblapacke =3.9.0=31*_mkl
  arch: x86_64
  platform: win
  license: BSD-3-Clause
  license_family: BSD
  size: 3732648
  timestamp: 1740088548986
- conda: https://conda.anaconda.org/conda-forge/win-64/libogg-1.3.5-h2466b09_0.conda
  sha256: fcffdf32c620569738b85c98ddd25e1c84c8add80cd732743d90d469b7b532bb
  md5: 44a4d173e62c5ed6d715f18ae7c46b7a
  depends:
  - ucrt >=10.0.20348.0
  - vc >=14.2,<15
  - vc14_runtime >=14.29.30139
  arch: x86_64
  platform: win
  license: BSD-3-Clause
  license_family: BSD
  size: 35459
  timestamp: 1719302192495
- conda: https://conda.anaconda.org/conda-forge/win-64/libpng-1.6.47-had7236b_0.conda
  sha256: cf8a594b697de103025dcae2c917ec9c100609caf7c917a94c64a683cb1db1ac
  md5: 7d717163d9dab337c65f2bf21a676b8f
  depends:
  - libzlib >=1.3.1,<2.0a0
  - ucrt >=10.0.20348.0
  - vc >=14.2,<15
  - vc14_runtime >=14.29.30139
  arch: x86_64
  platform: win
  license: zlib-acknowledgement
  size: 346101
  timestamp: 1739953426806
- conda: https://conda.anaconda.org/conda-forge/win-64/libsqlite-3.49.1-h67fdade_2.conda
  sha256: c092d42d00fd85cf609cc58574ba2b03c141af5762283f36f5dd445ef7c0f4fe
  md5: b58b66d4ad1aaf1c2543cbbd6afb1a59
  depends:
  - ucrt >=10.0.20348.0
  - vc >=14.2,<15
  - vc14_runtime >=14.29.30139
  arch: x86_64
  platform: win
  license: Unlicense
  size: 1081292
  timestamp: 1742083956001
- conda: https://conda.anaconda.org/conda-forge/win-64/libtiff-4.6.0-h4554b19_1.conda
  sha256: c1a31d00654d5e21f276d6280226188142120d7f8ab5d64d6dfadab2b4015098
  md5: 84150e18ed7ebd287fb9e3446a13fa8d
  depends:
  - lerc >=4.0.0,<5.0a0
  - libdeflate >=1.19,<1.20.0a0
  - libjpeg-turbo >=2.1.5.1,<3.0a0
  - libzlib >=1.2.13,<2.0.0a0
  - ucrt >=10.0.20348.0
  - vc >=14.2,<15
  - vc14_runtime >=14.29.30139
  - xz >=5.2.6,<6.0a0
  - zstd >=1.5.5,<1.6.0a0
  arch: x86_64
  platform: win
  license: HPND
  size: 784271
  timestamp: 1694958528287
- conda: https://conda.anaconda.org/conda-forge/win-64/libvorbis-1.3.7-h0e60522_0.tar.bz2
  sha256: 6cdc018a024908270205d8512d92f92cf0adaaa5401c2b403757189b138bf56a
  md5: e1a22282de0169c93e4ffe6ce6acc212
  depends:
  - libogg >=1.3.4,<1.4.0a0
  - vc >=14.1,<15.0a0
  - vs2015_runtime >=14.16.27012
  arch: x86_64
  platform: win
  license: BSD-3-Clause
  license_family: BSD
  size: 273721
  timestamp: 1610610022421
- conda: https://conda.anaconda.org/conda-forge/win-64/libwebp-base-1.5.0-h3b0e114_0.conda
  sha256: 1d75274614e83a5750b8b94f7bad2fc0564c2312ff407e697d99152ed095576f
  md5: 33f7313967072c6e6d8f865f5493c7ae
  depends:
  - ucrt >=10.0.20348.0
  - vc >=14.2,<15
  - vc14_runtime >=14.29.30139
  constrains:
  - libwebp 1.5.0
  arch: x86_64
  platform: win
  license: BSD-3-Clause
  license_family: BSD
  size: 273661
  timestamp: 1734777665516
- conda: https://conda.anaconda.org/conda-forge/win-64/libxcb-1.15-hcd874cb_0.conda
  sha256: d01322c693580f53f8d07a7420cd6879289f5ddad5531b372c3efd1c37cac3bf
  md5: 090d91b69396f14afef450c285f9758c
  depends:
  - m2w64-gcc-libs
  - m2w64-gcc-libs-core
  - pthread-stubs
  - xorg-libxau
  - xorg-libxdmcp
  arch: x86_64
  platform: win
  license: MIT
  license_family: MIT
  size: 969788
  timestamp: 1682083087243
- conda: https://conda.anaconda.org/conda-forge/win-64/libxml2-2.13.6-he286e8c_0.conda
  sha256: 2919f4e9fffefbf3ff6ecd8ebe81584d573c069b2b82eaeed797b1f56ac8d97b
  md5: c66d5bece33033a9c028bbdf1e627ec5
  depends:
  - libiconv >=1.18,<2.0a0
  - libzlib >=1.3.1,<2.0a0
  - ucrt >=10.0.20348.0
  - vc >=14.2,<15
  - vc14_runtime >=14.29.30139
  arch: x86_64
  platform: win
  license: MIT
  license_family: MIT
  size: 1669569
  timestamp: 1739953461426
- conda: https://conda.anaconda.org/conda-forge/win-64/libzlib-1.3.1-h2466b09_2.conda
  sha256: ba945c6493449bed0e6e29883c4943817f7c79cbff52b83360f7b341277c6402
  md5: 41fbfac52c601159df6c01f875de31b9
  depends:
  - ucrt >=10.0.20348.0
  - vc >=14.2,<15
  - vc14_runtime >=14.29.30139
  constrains:
  - zlib 1.3.1 *_2
  arch: x86_64
  platform: win
  license: Zlib
  license_family: Other
  size: 55476
  timestamp: 1727963768015
- conda: https://conda.anaconda.org/conda-forge/win-64/m2w64-gcc-libgfortran-5.3.0-6.tar.bz2
  sha256: 9de95a7996d5366ae0808eef2acbc63f9b11b874aa42375f55379e6715845dc6
  md5: 066552ac6b907ec6d72c0ddab29050dc
  depends:
  - m2w64-gcc-libs-core
  - msys2-conda-epoch ==20160418
  arch: x86_64
  platform: win
  license: GPL, LGPL, FDL, custom
  size: 350687
  timestamp: 1608163451316
- conda: https://conda.anaconda.org/conda-forge/win-64/m2w64-gcc-libs-5.3.0-7.tar.bz2
  sha256: 3bd1ab02b7c89a5b153a17be03b36d833f1517ff2a6a77ead7c4a808b88196aa
  md5: fe759119b8b3bfa720b8762c6fdc35de
  depends:
  - m2w64-gcc-libgfortran
  - m2w64-gcc-libs-core
  - m2w64-gmp
  - m2w64-libwinpthread-git
  - msys2-conda-epoch ==20160418
  arch: x86_64
  platform: win
  license: GPL3+, partial:GCCRLE, partial:LGPL2+
  size: 532390
  timestamp: 1608163512830
- conda: https://conda.anaconda.org/conda-forge/win-64/m2w64-gcc-libs-core-5.3.0-7.tar.bz2
  sha256: 58afdfe859ed2e9a9b1cc06bc408720cb2c3a6a132e59d4805b090d7574f4ee0
  md5: 4289d80fb4d272f1f3b56cfe87ac90bd
  depends:
  - m2w64-gmp
  - m2w64-libwinpthread-git
  - msys2-conda-epoch ==20160418
  arch: x86_64
  platform: win
  license: GPL3+, partial:GCCRLE, partial:LGPL2+
  size: 219240
  timestamp: 1608163481341
- conda: https://conda.anaconda.org/conda-forge/win-64/m2w64-gmp-6.1.0-2.tar.bz2
  sha256: 7e3cd95f554660de45f8323fca359e904e8d203efaf07a4d311e46d611481ed1
  md5: 53a1c73e1e3d185516d7e3af177596d9
  depends:
  - msys2-conda-epoch ==20160418
  arch: x86_64
  platform: win
  license: LGPL3
  size: 743501
  timestamp: 1608163782057
- conda: https://conda.anaconda.org/conda-forge/win-64/m2w64-libwinpthread-git-5.0.0.4634.697f757-2.tar.bz2
  sha256: f63a09b2cae7defae0480f1740015d6235f1861afa6fe2e2d3e10bd0d1314ee0
  md5: 774130a326dee16f1ceb05cc687ee4f0
  depends:
  - msys2-conda-epoch ==20160418
  arch: x86_64
  platform: win
  license: MIT, BSD
  size: 31928
  timestamp: 1608166099896
- conda: https://conda.anaconda.org/conda-forge/win-64/matplotlib-3.9.1-py311h1ea47a8_1.conda
  sha256: 4211b0a66a1f61af9faa1fe98ffb391df41eb8ded48f44ebc9b3e14031fcd3e7
  md5: e406a562228da3f1cfdbefc674a91236
  depends:
  - matplotlib-base >=3.9.1,<3.9.2.0a0
  - pyqt >=5.10
  - python >=3.11,<3.12.0a0
  - python_abi 3.11.* *_cp311
  - tornado >=5
  arch: x86_64
  platform: win
  license: PSF-2.0
  license_family: PSF
  size: 9192
  timestamp: 1722569925666
- conda: https://conda.anaconda.org/conda-forge/win-64/matplotlib-base-3.9.1-py311h8f1b1e4_2.conda
  sha256: 5643316fa74d20a209243dfcd02e333bdebe5a2f343db43489562cae764771d4
  md5: 7c6a0537db86a1e478bcad40dc28e1fd
  depends:
  - certifi >=2020.06.20
  - contourpy >=1.0.1
  - cycler >=0.10
  - fonttools >=4.22.0
  - freetype >=2.12.1,<3.0a0
  - kiwisolver >=1.3.1
  - numpy >=1.19,<3
  - numpy >=1.23
  - packaging >=20.0
  - pillow >=8
  - pyparsing >=2.3.1
  - python >=3.11,<3.12.0a0
  - python-dateutil >=2.7
  - python_abi 3.11.* *_cp311
  - qhull >=2020.2,<2020.3.0a0
  - ucrt >=10.0.20348.0
  - vc >=14.2,<15
  - vc14_runtime >=14.29.30139
  arch: x86_64
  platform: win
  license: PSF-2.0
  license_family: PSF
  size: 7867717
  timestamp: 1722733881215
- conda: https://conda.anaconda.org/conda-forge/win-64/mkl-2024.2.2-h66d3029_15.conda
  sha256: 20e52b0389586d0b914a49cd286c5ccc9c47949bed60ca6df004d1d295f2edbd
  md5: 302dff2807f2927b3e9e0d19d60121de
  depends:
  - intel-openmp 2024.*
  - tbb 2021.*
  arch: x86_64
  platform: win
  license: LicenseRef-IntelSimplifiedSoftwareOct2022
  license_family: Proprietary
  size: 103106385
  timestamp: 1730232843711
- conda: https://conda.anaconda.org/conda-forge/win-64/msys2-conda-epoch-20160418-1.tar.bz2
  sha256: 99358d58d778abee4dca82ad29fb58058571f19b0f86138363c260049d4ac7f1
  md5: b0309b72560df66f71a9d5e34a5efdfa
  arch: x86_64
  platform: win
  size: 3227
  timestamp: 1608166968312
- conda: https://conda.anaconda.org/conda-forge/noarch/munkres-1.1.4-pyh9f0ad1d_0.tar.bz2
  sha256: f86fb22b58e93d04b6f25e0d811b56797689d598788b59dcb47f59045b568306
  md5: 2ba8498c1018c1e9c61eb99b973dfe19
  depends:
  - python
  license: Apache-2.0
  license_family: Apache
  size: 12452
  timestamp: 1600387789153
- conda: https://conda.anaconda.org/conda-forge/win-64/numpy-2.2.4-py311h5e411d1_0.conda
  sha256: 02d9b03a27c932c8409f2670b0fc0003d1c2d153c61950f72f3a45e9ab24bf86
  md5: 3c1ffee6e6824f3281335dd3b48fab9d
  depends:
  - libblas >=3.9.0,<4.0a0
  - libcblas >=3.9.0,<4.0a0
  - liblapack >=3.9.0,<4.0a0
  - python >=3.11,<3.12.0a0
  - python_abi 3.11.* *_cp311
  - ucrt >=10.0.20348.0
  - vc >=14.2,<15
  - vc14_runtime >=14.29.30139
  constrains:
  - numpy-base <0a0
  arch: x86_64
  platform: win
  license: BSD-3-Clause
  license_family: BSD
  size: 7812453
  timestamp: 1742255882246
- conda: https://conda.anaconda.org/conda-forge/win-64/openjpeg-2.5.2-h3d672ee_0.conda
  sha256: dda71cbe094234ab208f3552dec1f4ca6f2e614175d010808d6cb66ecf0bc753
  md5: 7e7099ad94ac3b599808950cec30ad4e
  depends:
  - libpng >=1.6.43,<1.7.0a0
  - libtiff >=4.6.0,<4.8.0a0
  - libzlib >=1.2.13,<2.0.0a0
  - ucrt >=10.0.20348.0
  - vc >=14.2,<15
  - vc14_runtime >=14.29.30139
  arch: x86_64
  platform: win
  license: BSD-2-Clause
  license_family: BSD
  size: 237974
  timestamp: 1709159764160
- conda: https://conda.anaconda.org/conda-forge/win-64/openssl-3.0.16-ha4e3fda_0.conda
  sha256: 3a12101b8d98aba58b8aecc60a7b09df49a54444be4862f9faaf6cb50834f2fa
  md5: 1392054a15aca76f856594c39cb8ee30
  depends:
  - ca-certificates
  - ucrt >=10.0.20348.0
  - vc >=14.2,<15
  - vc14_runtime >=14.29.30139
  constrains:
  - pyopenssl >=22.1
  arch: x86_64
  platform: win
  license: Apache-2.0
  license_family: Apache
  size: 7063493
  timestamp: 1739322142708
- conda: https://conda.anaconda.org/conda-forge/noarch/packaging-24.2-pyhd8ed1ab_2.conda
  sha256: da157b19bcd398b9804c5c52fc000fcb8ab0525bdb9c70f95beaa0bb42f85af1
  md5: 3bfed7e6228ebf2f7b9eaa47f1b4e2aa
  depends:
  - python >=3.8
  license: Apache-2.0
  license_family: APACHE
  size: 60164
  timestamp: 1733203368787
- conda: https://conda.anaconda.org/conda-forge/win-64/pcre2-10.44-h3d7b363_2.conda
  sha256: f4a12cbf8a7c5bfa2592b9dc92b492c438781898e5b02f397979b0be6e1b5851
  md5: a3a3baddcfb8c80db84bec3cb7746fb8
  depends:
  - bzip2 >=1.0.8,<2.0a0
  - libzlib >=1.3.1,<2.0a0
  - ucrt >=10.0.20348.0
  - vc >=14.2,<15
  - vc14_runtime >=14.29.30139
  arch: x86_64
  platform: win
  license: BSD-3-Clause
  license_family: BSD
  size: 820831
  timestamp: 1723489427046
- conda: https://conda.anaconda.org/conda-forge/win-64/pillow-10.0.1-py311hd926f49_1.conda
  sha256: 4cf3b45a9877c3d05fc882fe8f74c7290c3c92bd098ca5a93f248ac7ee749efb
  md5: d6eafb14d0f3096f4809929efb2b4f39
  depends:
  - freetype >=2.12.1,<3.0a0
  - lcms2 >=2.15,<3.0a0
  - libjpeg-turbo >=2.1.5.1,<3.0a0
  - libtiff >=4.6.0,<4.8.0a0
  - libwebp-base >=1.3.2,<2.0a0
  - libxcb >=1.15,<1.16.0a0
  - libzlib >=1.2.13,<2.0.0a0
  - openjpeg >=2.5.0,<3.0a0
  - python >=3.11,<3.12.0a0
  - python_abi 3.11.* *_cp311
  - tk >=8.6.12,<8.7.0a0
  - ucrt >=10.0.20348.0
  - vc >=14.2,<15
  - vc14_runtime >=14.29.30139
  arch: x86_64
  platform: win
  license: HPND
  size: 46840201
  timestamp: 1695247874191
- conda: https://conda.anaconda.org/conda-forge/noarch/ply-3.11-pyhd8ed1ab_3.conda
  sha256: bae453e5cecf19cab23c2e8929c6e30f4866d996a8058be16c797ed4b935461f
  md5: fd5062942bfa1b0bd5e0d2a4397b099e
  depends:
  - python >=3.9
  license: BSD-3-Clause
  license_family: BSD
  size: 49052
  timestamp: 1733239818090
- conda: https://conda.anaconda.org/conda-forge/win-64/pthread-stubs-0.4-hcd874cb_1001.tar.bz2
  sha256: bb5a6ddf1a609a63addd6d7b488b0f58d05092ea84e9203283409bff539e202a
  md5: a1f820480193ea83582b13249a7e7bd9
  depends:
  - m2w64-gcc-libs
  arch: x86_64
  platform: win
  license: MIT
  license_family: MIT
  size: 6417
  timestamp: 1606147814351
- conda: https://conda.anaconda.org/conda-forge/win-64/pthreads-win32-2.9.1-h2466b09_4.conda
  sha256: b989bdcf0a22ba05a238adac1ad3452c11871681f565e509f629e225a26b7d45
  md5: cf98a67a1ec8040b42455002a24f0b0b
  depends:
  - ucrt >=10.0.20348.0
  - vc >=14.2,<15
  - vc14_runtime >=14.29.30139
  arch: x86_64
  platform: win
  license: LGPL-2.1-or-later
  size: 265827
  timestamp: 1728400965968
- conda: https://conda.anaconda.org/conda-forge/noarch/pyparsing-3.2.1-pyhd8ed1ab_0.conda
  sha256: f513fed4001fd228d3bf386269237b4ca6bff732c99ffc11fcbad8529b35407c
  md5: 285e237b8f351e85e7574a2c7bfa6d46
  depends:
  - python >=3.9
  license: MIT
  license_family: MIT
  size: 93082
  timestamp: 1735698406955
- conda: https://conda.anaconda.org/conda-forge/win-64/pyqt-5.15.9-py311h125bc19_5.conda
  sha256: 4608b9caafc4fa16d887f5af08e1bafe95f4cb07596ca8f5af184bf5de8f2c4c
  md5: 29d36acae7ccbcb1f0ec4a39841b3197
  depends:
  - pyqt5-sip 12.12.2 py311h12c1d0e_5
  - python >=3.11,<3.12.0a0
  - python_abi 3.11.* *_cp311
  - qt-main >=5.15.8,<5.16.0a0
  - sip >=6.7.11,<6.8.0a0
  - ucrt >=10.0.20348.0
  - vc >=14.2,<15
  - vc14_runtime >=14.29.30139
  arch: x86_64
  platform: win
  license: GPL-3.0-only
  license_family: GPL
  size: 3906427
  timestamp: 1695422270104
- conda: https://conda.anaconda.org/conda-forge/win-64/pyqt5-sip-12.12.2-py311h12c1d0e_5.conda
  sha256: 7130493794e4c65f4e78258619a6ef9d022ba9f9b0f61e70d2973d9bc5f10e11
  md5: 1b53a20f311bd99a1e55b31b7219106f
  depends:
  - packaging
  - python >=3.11,<3.12.0a0
  - python_abi 3.11.* *_cp311
  - sip
  - toml
  - ucrt >=10.0.20348.0
  - vc >=14.2,<15
  - vc14_runtime >=14.29.30139
  arch: x86_64
  platform: win
  license: GPL-3.0-only
  license_family: GPL
  size: 79724
  timestamp: 1695418442619
- conda: https://conda.anaconda.org/conda-forge/win-64/python-3.11.0-hcf16a7b_0_cpython.tar.bz2
  sha256: 20d1f1b5dc620b745c325844545fd5c0cdbfdb2385a0e27ef1507399844c8c6d
  md5: 13ee3577afc291dabd2d9edc59736688
  depends:
  - bzip2 >=1.0.8,<2.0a0
  - libffi >=3.4.2,<3.5.0a0
  - libsqlite >=3.39.4,<4.0a0
  - libzlib >=1.2.13,<2.0.0a0
  - openssl >=3.0.5,<4.0a0
  - tk >=8.6.12,<8.7.0a0
  - tzdata
  - vc >=14.1,<15
  - vs2015_runtime >=14.16.27033
  - xz >=5.2.6,<5.3.0a0
  constrains:
  - python_abi 3.11.* *_cp311
  arch: x86_64
  platform: win
  license: Python-2.0
  size: 19819816
  timestamp: 1666678800085
- conda: https://conda.anaconda.org/conda-forge/noarch/python-dateutil-2.9.0.post0-pyhff2d567_1.conda
  sha256: a50052536f1ef8516ed11a844f9413661829aa083304dc624c5925298d078d79
  md5: 5ba79d7c71f03c678c8ead841f347d6e
  depends:
  - python >=3.9
  - six >=1.5
  license: Apache-2.0
  license_family: APACHE
  size: 222505
  timestamp: 1733215763718
- conda: https://conda.anaconda.org/conda-forge/win-64/python_abi-3.11-5_cp311.conda
  build_number: 5
  sha256: 9b210e5807dd9c9ed71ff192a95f1872da597ddd10e7cefec93a922fe22e598a
  md5: 895b873644c11ccc0ab7dba2d8513ae6
  constrains:
  - python 3.11.* *_cpython
  arch: x86_64
  platform: win
  license: BSD-3-Clause
  license_family: BSD
  size: 6707
  timestamp: 1723823225752
- conda: https://conda.anaconda.org/conda-forge/win-64/qhull-2020.2-hc790b64_5.conda
  sha256: 887d53486a37bd870da62b8fa2ebe3993f912ad04bd755e7ed7c47ced97cbaa8
  md5: 854fbdff64b572b5c0b470f334d34c11
  depends:
  - ucrt >=10.0.20348.0
  - vc >=14.2,<15
  - vc14_runtime >=14.29.30139
  arch: x86_64
  platform: win
  license: LicenseRef-Qhull
  size: 1377020
  timestamp: 1720814433486
- conda: https://conda.anaconda.org/conda-forge/win-64/qt-main-5.15.8-h88fe7eb_7.conda
  sha256: 4dca8c5ce92bccba219102503c63b354c9d106dc93db7ca8ef8bdbc628989d71
  md5: e3428bb2c38bb338c6421d81647a9865
  depends:
  - gst-plugins-base >=1.22.0,<1.23.0a0
  - gstreamer >=1.22.0,<1.23.0a0
  - icu >=70.1,<71.0a0
  - krb5 >=1.20.1,<1.21.0a0
  - libclang >=15.0.7,<16.0a0
  - libclang13 >=15.0.7
  - libglib >=2.74.1,<3.0a0
  - libjpeg-turbo >=2.1.5.1,<3.0a0
  - libpng >=1.6.39,<1.7.0a0
  - libsqlite >=3.40.0,<4.0a0
  - libzlib >=1.2.13,<2.0.0a0
  - openssl >=3.0.8,<4.0a0
  - ucrt >=10.0.20348.0
  - vc >=14.2,<15
  - vs2015_runtime >=14.29.30139
  - zstd >=1.5.2,<1.6.0a0
  constrains:
  - qt 5.15.8
  arch: x86_64
  platform: win
  license: LGPL-3.0-only
  license_family: LGPL
  size: 60137289
  timestamp: 1678636057460
- conda: https://conda.anaconda.org/conda-forge/win-64/sip-6.7.12-py311h12c1d0e_0.conda
  sha256: 1129ac093d0c04ca07603fab9dfd2ee1e9a760eb94b31450e2cef1ffffa6a31a
  md5: c29f20b2860d1824535135d76d022394
  depends:
  - packaging
  - ply
  - python >=3.11,<3.12.0a0
  - python_abi 3.11.* *_cp311
  - tomli
  - ucrt >=10.0.20348.0
  - vc >=14.2,<15
  - vc14_runtime >=14.29.30139
  arch: x86_64
  platform: win
  license: GPL-3.0-only
  license_family: GPL
  size: 595071
  timestamp: 1697300986959
- conda: https://conda.anaconda.org/conda-forge/noarch/six-1.17.0-pyhd8ed1ab_0.conda
  sha256: 41db0180680cc67c3fa76544ffd48d6a5679d96f4b71d7498a759e94edc9a2db
  md5: a451d576819089b0d672f18768be0f65
  depends:
  - python >=3.9
  license: MIT
  license_family: MIT
  size: 16385
  timestamp: 1733381032766
- conda: https://conda.anaconda.org/conda-forge/win-64/tbb-2021.13.0-h62715c5_1.conda
  sha256: 03cc5442046485b03dd1120d0f49d35a7e522930a2ab82f275e938e17b07b302
  md5: 9190dd0a23d925f7602f9628b3aed511
  depends:
  - libhwloc >=2.11.2,<2.11.3.0a0
  - ucrt >=10.0.20348.0
  - vc >=14.2,<15
  - vc14_runtime >=14.29.30139
  arch: x86_64
  platform: win
  license: Apache-2.0
  license_family: APACHE
  size: 151460
  timestamp: 1732982860332
- conda: https://conda.anaconda.org/conda-forge/win-64/tk-8.6.13-h5226925_1.conda
  sha256: 2c4e914f521ccb2718946645108c9bd3fc3216ba69aea20c2c3cedbd8db32bb1
  md5: fc048363eb8f03cd1737600a5d08aafe
  depends:
  - ucrt >=10.0.20348.0
  - vc >=14.2,<15
  - vc14_runtime >=14.29.30139
  arch: x86_64
  platform: win
  license: TCL
  license_family: BSD
  size: 3503410
  timestamp: 1699202577803
- conda: https://conda.anaconda.org/conda-forge/noarch/toml-0.10.2-pyhd8ed1ab_1.conda
  sha256: 34f3a83384ac3ac30aefd1309e69498d8a4aa0bf2d1f21c645f79b180e378938
  md5: b0dd904de08b7db706167240bf37b164
  depends:
  - python >=3.9
  license: MIT
  license_family: MIT
  size: 22132
  timestamp: 1734091907682
- conda: https://conda.anaconda.org/conda-forge/noarch/tomli-2.2.1-pyhd8ed1ab_1.conda
  sha256: 18636339a79656962723077df9a56c0ac7b8a864329eb8f847ee3d38495b863e
  md5: ac944244f1fed2eb49bae07193ae8215
  depends:
  - python >=3.9
  license: MIT
  license_family: MIT
  size: 19167
  timestamp: 1733256819729
- conda: https://conda.anaconda.org/conda-forge/win-64/tornado-6.4.2-py311he736701_0.conda
  sha256: 7e313f1724e5eb7d13f7a1ebd6026a378f3f58a638ba7cdc3bd452c01323bb29
  md5: 7e33077ce1bc0bf45c45a92e37432f16
  depends:
  - python >=3.11,<3.12.0a0
  - python_abi 3.11.* *_cp311
  - ucrt >=10.0.20348.0
  - vc >=14.2,<15
  - vc14_runtime >=14.29.30139
  arch: x86_64
  platform: win
  license: Apache-2.0
  license_family: Apache
  size: 859456
  timestamp: 1732616376731
- conda: https://conda.anaconda.org/conda-forge/noarch/tzdata-2025a-h78e105d_0.conda
  sha256: c4b1ae8a2931fe9b274c44af29c5475a85b37693999f8c792dad0f8c6734b1de
  md5: dbcace4706afdfb7eb891f7b37d07c04
  license: LicenseRef-Public-Domain
  size: 122921
  timestamp: 1737119101255
- conda: https://conda.anaconda.org/conda-forge/win-64/ucrt-10.0.22621.0-h57928b3_1.conda
  sha256: db8dead3dd30fb1a032737554ce91e2819b43496a0db09927edf01c32b577450
  md5: 6797b005cd0f439c4c5c9ac565783700
  constrains:
  - vs2015_runtime >=14.29.30037
  arch: x86_64
  platform: win
  license: LicenseRef-MicrosoftWindowsSDK10
  size: 559710
  timestamp: 1728377334097
- conda: https://conda.anaconda.org/conda-forge/win-64/unicodedata2-16.0.0-py311he736701_0.conda
  sha256: 3f626553bfb49ac756cf40e0c10ecb3a915a86f64e036924ab956b37ad1fa9f4
  md5: 5ec4da89151e9d55f9ecad019f2d1e58
  depends:
  - python >=3.11,<3.12.0a0
  - python_abi 3.11.* *_cp311
  - ucrt >=10.0.20348.0
  - vc >=14.2,<15
  - vc14_runtime >=14.29.30139
  arch: x86_64
  platform: win
  license: Apache-2.0
  license_family: Apache
  size: 400391
  timestamp: 1736692998788
- conda: https://conda.anaconda.org/conda-forge/win-64/vc-14.3-hbf610ac_24.conda
  sha256: 8ef83b62f9f0b885882d0dd41cbe47c2308f7ac0537fd508a5bbe6d3953a176e
  md5: 9098c5cfb418fc0b0204bf2efc1e9afa
  depends:
  - vc14_runtime >=14.42.34438
  arch: x86_64
  platform: win
  track_features:
  - vc14
  license: BSD-3-Clause
  license_family: BSD
  size: 17469
  timestamp: 1741043406253
- conda: https://conda.anaconda.org/conda-forge/win-64/vc14_runtime-14.42.34438-hfd919c2_24.conda
  sha256: fb36814355ac12dcb4a55b75b5ef0d49ec219ad9df30d7955f2ace88bd6919c4
  md5: 5fceb7d965d59955888d9a9732719aa8
  depends:
  - ucrt >=10.0.20348.0
  constrains:
  - vs2015_runtime 14.42.34438.* *_24
  arch: x86_64
  platform: win
  license: LicenseRef-MicrosoftVisualCpp2015-2022Runtime
  license_family: Proprietary
  size: 751362
  timestamp: 1741043402335
- conda: https://conda.anaconda.org/conda-forge/win-64/vs2015_runtime-14.42.34438-h7142326_24.conda
  sha256: a7104d3d605d191c8ee8d85d4175df3630d61830583494a5d1e62cd9f1260420
  md5: 1dd2e838eb13190ae1f1e2760c036fdc
  depends:
  - vc14_runtime >=14.42.34438
  arch: x86_64
  platform: win
  license: BSD-3-Clause
  license_family: BSD
  size: 17474
  timestamp: 1741043406612
- conda: https://conda.anaconda.org/conda-forge/win-64/xorg-libxau-1.0.11-hcd874cb_0.conda
  sha256: 8c5b976e3b36001bdefdb41fb70415f9c07eff631f1f0155f3225a7649320e77
  md5: c46ba8712093cb0114404ae8a7582e1a
  depends:
  - m2w64-gcc-libs
  - m2w64-gcc-libs-core
  arch: x86_64
  platform: win
  license: MIT
  license_family: MIT
  size: 51297
  timestamp: 1684638355740
- conda: https://conda.anaconda.org/conda-forge/win-64/xorg-libxdmcp-1.1.3-hcd874cb_0.tar.bz2
  sha256: f51205d33c07d744ec177243e5d9b874002910c731954f2c8da82459be462b93
  md5: 46878ebb6b9cbd8afcf8088d7ef00ece
  depends:
  - m2w64-gcc-libs
  arch: x86_64
  platform: win
  license: MIT
  license_family: MIT
  size: 67908
  timestamp: 1610072296570
- conda: https://conda.anaconda.org/conda-forge/win-64/xz-5.2.6-h8d14728_0.tar.bz2
  sha256: 54d9778f75a02723784dc63aff4126ff6e6749ba21d11a6d03c1f4775f269fe0
  md5: 515d77642eaa3639413c6b1bc3f94219
  depends:
  - vc >=14.1,<15
  - vs2015_runtime >=14.16.27033
  arch: x86_64
  platform: win
  license: LGPL-2.1 and GPL-2.0
  size: 217804
  timestamp: 1660346976440
- conda: https://conda.anaconda.org/conda-forge/win-64/zstd-1.5.7-hbeecb71_2.conda
  sha256: bc64864377d809b904e877a98d0584f43836c9f2ef27d3d2a1421fa6eae7ca04
  md5: 21f56217d6125fb30c3c3f10c786d751
  depends:
  - libzlib >=1.3.1,<2.0a0
  - ucrt >=10.0.20348.0
  - vc >=14.2,<15
  - vc14_runtime >=14.29.30139
  arch: x86_64
  platform: win
  license: BSD-3-Clause
  license_family: BSD
  size: 354697
  timestamp: 1742433568506
